
Microsoft Visual Studio Solution File, Format Version 12.00
# Visual Studio Version 17
VisualStudioVersion = 17.7.34031.279
MinimumVisualStudioVersion = 10.0.40219.1
Project("{FAE04EC0-301F-11D3-BF4B-00C04F79EFBC}") = "LosowanieOsoby", "LosowanieOsoby\LosowanieOsoby.csproj", "{18EC5471-284B-4453-8044-51F3A931442E}"
EndProject
Global
	GlobalSection(SolutionConfigurationPlatforms) = preSolution
		Debug|Any CPU = Debug|Any CPU
		Release|Any CPU = Release|Any CPU
	EndGlobalSection
	GlobalSection(ProjectConfigurationPlatforms) = postSolution
		{18EC5471-284B-4453-8044-51F3A931442E}.Debug|Any CPU.ActiveCfg = Debug|Any CPU
		{18EC5471-284B-4453-8044-51F3A931442E}.Debug|Any CPU.Build.0 = Debug|Any CPU
		{18EC5471-284B-4453-8044-51F3A931442E}.Debug|Any CPU.Deploy.0 = Debug|Any CPU
		{18EC5471-284B-4453-8044-51F3A931442E}.Release|Any CPU.ActiveCfg = Release|Any CPU
		{18EC5471-284B-4453-8044-51F3A931442E}.Release|Any CPU.Build.0 = Release|Any CPU
		{18EC5471-284B-4453-8044-51F3A931442E}.Release|Any CPU.Deploy.0 = Release|Any CPU
	EndGlobalSection
	GlobalSection(SolutionProperties) = preSolution
		HideSolutionNode = FALSE
	EndGlobalSection
	GlobalSection(ExtensibilityGlobals) = postSolution
		SolutionGuid = {AE288B1B-4D3C-4E06-A896-EFC9ED5197D3}
	EndGlobalSection
EndGlobal
